
Microsoft Visual Studio Solution File, Format Version 12.00
# Visual Studio Version 17
VisualStudioVersion = 17.0.31919.166
MinimumVisualStudioVersion = 10.0.40219.1
Project("{9A19103F-16F7-4668-BE54-9A1E7A4F7556}") = "Cli.Template.Generator", "Cli.Template.Generator.csproj", "{605CD00B-7DE6-4147-B8C2-37886CA67C27}"
EndProject
Global
	GlobalSection(SolutionConfigurationPlatforms) = preSolution
		Debug|Any CPU = Debug|Any CPU
		Release|Any CPU = Release|Any CPU
	EndGlobalSection
	GlobalSection(ProjectConfigurationPlatforms) = postSolution
		{605CD00B-7DE6-4147-B8C2-37886CA67C27}.Debug|Any CPU.ActiveCfg = Debug|Any CPU
		{605CD00B-7DE6-4147-B8C2-37886CA67C27}.Debug|Any CPU.Build.0 = Debug|Any CPU
		{605CD00B-7DE6-4147-B8C2-37886CA67C27}.Release|Any CPU.ActiveCfg = Release|Any CPU
		{605CD00B-7DE6-4147-B8C2-37886CA67C27}.Release|Any CPU.Build.0 = Release|Any CPU
	EndGlobalSection
	GlobalSection(SolutionProperties) = preSolution
		HideSolutionNode = FALSE
	EndGlobalSection
	GlobalSection(ExtensibilityGlobals) = postSolution
		SolutionGuid = {D453835F-C458-4652-83C7-10496C58F65B}
	EndGlobalSection
EndGlobal
